
Microsoft Visual Studio Solution File, Format Version 12.00
# Visual Studio Version 17
VisualStudioVersion = 17.8.34511.84
MinimumVisualStudioVersion = 10.0.40219.1
Project("{FAE04EC0-301F-11D3-BF4B-00C04F79EFBC}") = "BTCNewestBlockAnylyzer", "BTCNewestBlockAnylyzer\BTCNewestBlockAnylyzer.csproj", "{BEC589FB-0F62-462C-A31D-20A0250974B0}"
EndProject
Global
	GlobalSection(SolutionConfigurationPlatforms) = preSolution
		Debug|Any CPU = Debug|Any CPU
		Release|Any CPU = Release|Any CPU
	EndGlobalSection
	GlobalSection(ProjectConfigurationPlatforms) = postSolution
		{BEC589FB-0F62-462C-A31D-20A0250974B0}.Debug|Any CPU.ActiveCfg = Debug|Any CPU
		{BEC589FB-0F62-462C-A31D-20A0250974B0}.Debug|Any CPU.Build.0 = Debug|Any CPU
		{BEC589FB-0F62-462C-A31D-20A0250974B0}.Release|Any CPU.ActiveCfg = Release|Any CPU
		{BEC589FB-0F62-462C-A31D-20A0250974B0}.Release|Any CPU.Build.0 = Release|Any CPU
	EndGlobalSection
	GlobalSection(SolutionProperties) = preSolution
		HideSolutionNode = FALSE
	EndGlobalSection
	GlobalSection(ExtensibilityGlobals) = postSolution
		SolutionGuid = {C6B381C6-C84B-4BF0-BB24-0FE2353C4D4E}
	EndGlobalSection
EndGlobal
